
Microsoft Visual Studio Solution File, Format Version 12.00
# Visual Studio 2013
VisualStudioVersion = 12.0.40629.0
MinimumVisualStudioVersion = 10.0.40219.1
Project("{8BC9CEB8-8B4A-11D0-8D11-00A0C91BC942}") = "BasicUsageEnvironment", "BasicUsageEnvironment\BasicUsageEnvironment.vcxproj", "{92A37391-B96E-43F9-8508-67A33D6887C4}"
EndProject
Project("{8BC9CEB8-8B4A-11D0-8D11-00A0C91BC942}") = "UsageEnvironment", "UsageEnvironment\UsageEnvironment.vcxproj", "{5937358B-D6E3-4887-B6E2-40399E2D8503}"
EndProject
Project("{8BC9CEB8-8B4A-11D0-8D11-00A0C91BC942}") = "groupsock", "groupsock\groupsock.vcxproj", "{11CC6D2F-C4E3-4EF5-A101-C377FED862A6}"
EndProject
Project("{8BC9CEB8-8B4A-11D0-8D11-00A0C91BC942}") = "liveMedia", "liveMedia\liveMedia.vcxproj", "{69EEBCB8-387F-4F3A-8F6D-E59B4FB49059}"
EndProject
Project("{8BC9CEB8-8B4A-11D0-8D11-00A0C91BC942}") = "mediaServer", "mediaServer\mediaServer.vcxproj", "{9864EE6D-F9A6-43DB-8BC0-E7E0DE9397F2}"
	ProjectSection(ProjectDependencies) = postProject
		{11CC6D2F-C4E3-4EF5-A101-C377FED862A6} = {11CC6D2F-C4E3-4EF5-A101-C377FED862A6}
		{5937358B-D6E3-4887-B6E2-40399E2D8503} = {5937358B-D6E3-4887-B6E2-40399E2D8503}
		{92A37391-B96E-43F9-8508-67A33D6887C4} = {92A37391-B96E-43F9-8508-67A33D6887C4}
		{69EEBCB8-387F-4F3A-8F6D-E59B4FB49059} = {69EEBCB8-387F-4F3A-8F6D-E59B4FB49059}
	EndProjectSection
EndProject
Project("{8BC9CEB8-8B4A-11D0-8D11-00A0C91BC942}") = "testOnDemandRTSPServer", "testOnDemandRTSPServer\testOnDemandRTSPServer.vcxproj", "{B3EEAFE4-2BE5-431B-BC2C-49AC8E251511}"
EndProject
Project("{2150E333-8FDC-42A3-9474-1A3956D46DE8}") = "testProgs", "testProgs", "{FB0D3D57-1D51-44E7-8380-26AD3F41F27E}"
EndProject
Project("{2150E333-8FDC-42A3-9474-1A3956D46DE8}") = "live555", "live555", "{252493B7-8BEA-4996-9C3A-10612CB67C08}"
EndProject
Project("{8BC9CEB8-8B4A-11D0-8D11-00A0C91BC942}") = "ProxyServer", "ProxyServer\ProxyServer.vcxproj", "{7208C4B1-2AD8-4551-A75F-C5780DA77595}"
EndProject
Project("{8BC9CEB8-8B4A-11D0-8D11-00A0C91BC942}") = "testRTSPClient", "testRTSPClient\testRTSPClient.vcxproj", "{3A049D6B-A7E1-4302-87AD-DAB4E36AFE10}"
EndProject
Global
	GlobalSection(SolutionConfigurationPlatforms) = preSolution
		Debug|Win32 = Debug|Win32
		Release|Win32 = Release|Win32
	EndGlobalSection
	GlobalSection(ProjectConfigurationPlatforms) = postSolution
		{92A37391-B96E-43F9-8508-67A33D6887C4}.Debug|Win32.ActiveCfg = Debug|Win32
		{92A37391-B96E-43F9-8508-67A33D6887C4}.Debug|Win32.Build.0 = Debug|Win32
		{92A37391-B96E-43F9-8508-67A33D6887C4}.Release|Win32.ActiveCfg = Release|Win32
		{92A37391-B96E-43F9-8508-67A33D6887C4}.Release|Win32.Build.0 = Release|Win32
		{5937358B-D6E3-4887-B6E2-40399E2D8503}.Debug|Win32.ActiveCfg = Debug|Win32
		{5937358B-D6E3-4887-B6E2-40399E2D8503}.Debug|Win32.Build.0 = Debug|Win32
		{5937358B-D6E3-4887-B6E2-40399E2D8503}.Release|Win32.ActiveCfg = Release|Win32
		{5937358B-D6E3-4887-B6E2-40399E2D8503}.Release|Win32.Build.0 = Release|Win32
		{11CC6D2F-C4E3-4EF5-A101-C377FED862A6}.Debug|Win32.ActiveCfg = Debug|Win32
		{11CC6D2F-C4E3-4EF5-A101-C377FED862A6}.Debug|Win32.Build.0 = Debug|Win32
		{11CC6D2F-C4E3-4EF5-A101-C377FED862A6}.Release|Win32.ActiveCfg = Release|Win32
		{11CC6D2F-C4E3-4EF5-A101-C377FED862A6}.Release|Win32.Build.0 = Release|Win32
		{69EEBCB8-387F-4F3A-8F6D-E59B4FB49059}.Debug|Win32.ActiveCfg = Debug|Win32
		{69EEBCB8-387F-4F3A-8F6D-E59B4FB49059}.Debug|Win32.Build.0 = Debug|Win32
		{69EEBCB8-387F-4F3A-8F6D-E59B4FB49059}.Release|Win32.ActiveCfg = Release|Win32
		{69EEBCB8-387F-4F3A-8F6D-E59B4FB49059}.Release|Win32.Build.0 = Release|Win32
		{9864EE6D-F9A6-43DB-8BC0-E7E0DE9397F2}.Debug|Win32.ActiveCfg = Debug|Win32
		{9864EE6D-F9A6-43DB-8BC0-E7E0DE9397F2}.Debug|Win32.Build.0 = Debug|Win32
		{9864EE6D-F9A6-43DB-8BC0-E7E0DE9397F2}.Release|Win32.ActiveCfg = Release|Win32
		{9864EE6D-F9A6-43DB-8BC0-E7E0DE9397F2}.Release|Win32.Build.0 = Release|Win32
		{B3EEAFE4-2BE5-431B-BC2C-49AC8E251511}.Debug|Win32.ActiveCfg = Debug|Win32
		{B3EEAFE4-2BE5-431B-BC2C-49AC8E251511}.Debug|Win32.Build.0 = Debug|Win32
		{B3EEAFE4-2BE5-431B-BC2C-49AC8E251511}.Release|Win32.ActiveCfg = Release|Win32
		{B3EEAFE4-2BE5-431B-BC2C-49AC8E251511}.Release|Win32.Build.0 = Release|Win32
		{7208C4B1-2AD8-4551-A75F-C5780DA77595}.Debug|Win32.ActiveCfg = Debug|Win32
		{7208C4B1-2AD8-4551-A75F-C5780DA77595}.Debug|Win32.Build.0 = Debug|Win32
		{7208C4B1-2AD8-4551-A75F-C5780DA77595}.Release|Win32.ActiveCfg = Release|Win32
		{7208C4B1-2AD8-4551-A75F-C5780DA77595}.Release|Win32.Build.0 = Release|Win32
		{3A049D6B-A7E1-4302-87AD-DAB4E36AFE10}.Debug|Win32.ActiveCfg = Debug|Win32
		{3A049D6B-A7E1-4302-87AD-DAB4E36AFE10}.Debug|Win32.Build.0 = Debug|Win32
		{3A049D6B-A7E1-4302-87AD-DAB4E36AFE10}.Release|Win32.ActiveCfg = Release|Win32
		{3A049D6B-A7E1-4302-87AD-DAB4E36AFE10}.Release|Win32.Build.0 = Release|Win32
	EndGlobalSection
	GlobalSection(SolutionProperties) = preSolution
		HideSolutionNode = FALSE
	EndGlobalSection
	GlobalSection(NestedProjects) = preSolution
		{92A37391-B96E-43F9-8508-67A33D6887C4} = {252493B7-8BEA-4996-9C3A-10612CB67C08}
		{5937358B-D6E3-4887-B6E2-40399E2D8503} = {252493B7-8BEA-4996-9C3A-10612CB67C08}
		{11CC6D2F-C4E3-4EF5-A101-C377FED862A6} = {252493B7-8BEA-4996-9C3A-10612CB67C08}
		{69EEBCB8-387F-4F3A-8F6D-E59B4FB49059} = {252493B7-8BEA-4996-9C3A-10612CB67C08}
		{9864EE6D-F9A6-43DB-8BC0-E7E0DE9397F2} = {252493B7-8BEA-4996-9C3A-10612CB67C08}
		{B3EEAFE4-2BE5-431B-BC2C-49AC8E251511} = {FB0D3D57-1D51-44E7-8380-26AD3F41F27E}
		{7208C4B1-2AD8-4551-A75F-C5780DA77595} = {252493B7-8BEA-4996-9C3A-10612CB67C08}
		{3A049D6B-A7E1-4302-87AD-DAB4E36AFE10} = {FB0D3D57-1D51-44E7-8380-26AD3F41F27E}
	EndGlobalSection
EndGlobal
